
Microsoft Visual Studio Solution File, Format Version 12.00
# Visual Studio Version 17
VisualStudioVersion = 17.0.31912.275
MinimumVisualStudioVersion = 10.0.40219.1
Project("{8BC9CEB8-8B4A-11D0-8D11-00A0C91BC942}") = "text_11.21（简易计算器）", "text_11.21（简易计算器）\text_11.21（简易计算器）.vcxproj", "{031D40EF-1E5D-460D-881D-AFD599770E43}"
EndProject
Global
	GlobalSection(SolutionConfigurationPlatforms) = preSolution
		Debug|x64 = Debug|x64
		Debug|x86 = Debug|x86
		Release|x64 = Release|x64
		Release|x86 = Release|x86
	EndGlobalSection
	GlobalSection(ProjectConfigurationPlatforms) = postSolution
		{031D40EF-1E5D-460D-881D-AFD599770E43}.Debug|x64.ActiveCfg = Debug|x64
		{031D40EF-1E5D-460D-881D-AFD599770E43}.Debug|x64.Build.0 = Debug|x64
		{031D40EF-1E5D-460D-881D-AFD599770E43}.Debug|x86.ActiveCfg = Debug|Win32
		{031D40EF-1E5D-460D-881D-AFD599770E43}.Debug|x86.Build.0 = Debug|Win32
		{031D40EF-1E5D-460D-881D-AFD599770E43}.Release|x64.ActiveCfg = Release|x64
		{031D40EF-1E5D-460D-881D-AFD599770E43}.Release|x64.Build.0 = Release|x64
		{031D40EF-1E5D-460D-881D-AFD599770E43}.Release|x86.ActiveCfg = Release|Win32
		{031D40EF-1E5D-460D-881D-AFD599770E43}.Release|x86.Build.0 = Release|Win32
	EndGlobalSection
	GlobalSection(SolutionProperties) = preSolution
		HideSolutionNode = FALSE
	EndGlobalSection
	GlobalSection(ExtensibilityGlobals) = postSolution
		SolutionGuid = {1A28F378-B123-4E8A-A5CE-2A7CE13FEEF1}
	EndGlobalSection
EndGlobal
